// !$*UTF8*$!
{
	archiveVersion = 1;
	classes = {
	};
	objectVersion = 50;
	objects = {

/* Begin PBXAggregateTarget section */
		2F53B52720EB53BD00C136AB /* DOTFox */ = {
			isa = PBXAggregateTarget;
			buildConfigurationList = 2F53B52A20EB53BD00C136AB /* Build configuration list for PBXAggregateTarget "DOTFox" */;
			buildPhases = (
				2F53B52B20EB53C500C136AB /* ShellScript */,
			);
			dependencies = (
			);
			name = DOTFox;
			productName = DOTFox;
		};
/* End PBXAggregateTarget section */

/* Begin PBXBuildFile section */
		2F56305020E9E3780082B0ED /* DOTExtension.framework in Frameworks */ = {isa = PBXBuildFile; fileRef = 2F56304620E9E3780082B0ED /* DOTExtension.framework */; };
		2F56305520E9E3780082B0ED /* DOTExtensionTests.swift in Sources */ = {isa = PBXBuildFile; fileRef = 2F56305420E9E3780082B0ED /* DOTExtensionTests.swift */; };
		2F56305720E9E3780082B0ED /* DOTExtension.h in Headers */ = {isa = PBXBuildFile; fileRef = 2F56304920E9E3780082B0ED /* DOTExtension.h */; settings = {ATTRIBUTES = (Public, ); }; };
		2F56306420E9E3870082B0ED /* DOTErrorCodes.swift in Sources */ = {isa = PBXBuildFile; fileRef = 2F56306120E9E3870082B0ED /* DOTErrorCodes.swift */; };
		2F56306520E9E3870082B0ED /* DOTHttpStatusCodes.swift in Sources */ = {isa = PBXBuildFile; fileRef = 2F56306220E9E3870082B0ED /* DOTHttpStatusCodes.swift */; };
		2F56306620E9E3870082B0ED /* DOTError.swift in Sources */ = {isa = PBXBuildFile; fileRef = 2F56306320E9E3870082B0ED /* DOTError.swift */; };
		2F56306A20E9E3940082B0ED /* DOTImage.swift in Sources */ = {isa = PBXBuildFile; fileRef = 2F56306820E9E3940082B0ED /* DOTImage.swift */; };
		2F56306B20E9E3940082B0ED /* DOTFire.swift in Sources */ = {isa = PBXBuildFile; fileRef = 2F56306920E9E3940082B0ED /* DOTFire.swift */; };
		2F56306E20E9E3AF0082B0ED /* Alamofire.framework in Frameworks */ = {isa = PBXBuildFile; fileRef = 2F56306D20E9E3AF0082B0ED /* Alamofire.framework */; };
		2F56307020E9E7B30082B0ED /* SDWebImage.framework in Frameworks */ = {isa = PBXBuildFile; fileRef = 2F56306F20E9E7B30082B0ED /* SDWebImage.framework */; };
/* End PBXBuildFile section */

/* Begin PBXContainerItemProxy section */
		2F56305120E9E3780082B0ED /* PBXContainerItemProxy */ = {
			isa = PBXContainerItemProxy;
			containerPortal = 2F56303D20E9E3780082B0ED /* Project object */;
			proxyType = 1;
			remoteGlobalIDString = 2F56304520E9E3780082B0ED;
			remoteInfo = DOTExtension;
		};
/* End PBXContainerItemProxy section */

/* Begin PBXFileReference section */
		2F56304620E9E3780082B0ED /* DOTExtension.framework */ = {isa = PBXFileReference; explicitFileType = wrapper.framework; includeInIndex = 0; path = DOTExtension.framework; sourceTree = BUILT_PRODUCTS_DIR; };
		2F56304920E9E3780082B0ED /* DOTExtension.h */ = {isa = PBXFileReference; lastKnownFileType = sourcecode.c.h; path = DOTExtension.h; sourceTree = "<group>"; };
		2F56304A20E9E3780082B0ED /* Info.plist */ = {isa = PBXFileReference; lastKnownFileType = text.plist.xml; path = Info.plist; sourceTree = "<group>"; };
		2F56304F20E9E3780082B0ED /* DOTExtensionTests.xctest */ = {isa = PBXFileReference; explicitFileType = wrapper.cfbundle; includeInIndex = 0; path = DOTExtensionTests.xctest; sourceTree = BUILT_PRODUCTS_DIR; };
		2F56305420E9E3780082B0ED /* DOTExtensionTests.swift */ = {isa = PBXFileReference; lastKnownFileType = sourcecode.swift; path = DOTExtensionTests.swift; sourceTree = "<group>"; };
		2F56305620E9E3780082B0ED /* Info.plist */ = {isa = PBXFileReference; lastKnownFileType = text.plist.xml; path = Info.plist; sourceTree = "<group>"; };
		2F56306120E9E3870082B0ED /* DOTErrorCodes.swift */ = {isa = PBXFileReference; fileEncoding = 4; lastKnownFileType = sourcecode.swift; path = DOTErrorCodes.swift; sourceTree = "<group>"; };
		2F56306220E9E3870082B0ED /* DOTHttpStatusCodes.swift */ = {isa = PBXFileReference; fileEncoding = 4; lastKnownFileType = sourcecode.swift; path = DOTHttpStatusCodes.swift; sourceTree = "<group>"; };
		2F56306320E9E3870082B0ED /* DOTError.swift */ = {isa = PBXFileReference; fileEncoding = 4; lastKnownFileType = sourcecode.swift; path = DOTError.swift; sourceTree = "<group>"; };
		2F56306820E9E3940082B0ED /* DOTImage.swift */ = {isa = PBXFileReference; fileEncoding = 4; lastKnownFileType = sourcecode.swift; path = DOTImage.swift; sourceTree = "<group>"; };
		2F56306920E9E3940082B0ED /* DOTFire.swift */ = {isa = PBXFileReference; fileEncoding = 4; lastKnownFileType = sourcecode.swift; path = DOTFire.swift; sourceTree = "<group>"; };
		2F56306D20E9E3AF0082B0ED /* Alamofire.framework */ = {isa = PBXFileReference; lastKnownFileType = wrapper.framework; path = Alamofire.framework; sourceTree = "<group>"; };
		2F56306F20E9E7B30082B0ED /* SDWebImage.framework */ = {isa = PBXFileReference; lastKnownFileType = wrapper.framework; path = SDWebImage.framework; sourceTree = "<group>"; };
/* End PBXFileReference section */

/* Begin PBXFrameworksBuildPhase section */
		2F56304220E9E3780082B0ED /* Frameworks */ = {
			isa = PBXFrameworksBuildPhase;
			buildActionMask = 2147483647;
			files = (
				2F56307020E9E7B30082B0ED /* SDWebImage.framework in Frameworks */,
				2F56306E20E9E3AF0082B0ED /* Alamofire.framework in Frameworks */,
			);
			runOnlyForDeploymentPostprocessing = 0;
		};
		2F56304C20E9E3780082B0ED /* Frameworks */ = {
			isa = PBXFrameworksBuildPhase;
			buildActionMask = 2147483647;
			files = (
				2F56305020E9E3780082B0ED /* DOTExtension.framework in Frameworks */,
			);
			runOnlyForDeploymentPostprocessing = 0;
		};
/* End PBXFrameworksBuildPhase section */

/* Begin PBXGroup section */
		2F56303C20E9E3780082B0ED = {
			isa = PBXGroup;
			children = (
				2F56304820E9E3780082B0ED /* DOTExtension */,
				2F56305320E9E3780082B0ED /* DOTExtensionTests */,
				2F56304720E9E3780082B0ED /* Products */,
			);
			sourceTree = "<group>";
		};
		2F56304720E9E3780082B0ED /* Products */ = {
			isa = PBXGroup;
			children = (
				2F56304620E9E3780082B0ED /* DOTExtension.framework */,
				2F56304F20E9E3780082B0ED /* DOTExtensionTests.xctest */,
			);
			name = Products;
			sourceTree = "<group>";
		};
		2F56304820E9E3780082B0ED /* DOTExtension */ = {
			isa = PBXGroup;
			children = (
				2F56306C20E9E3980082B0ED /* Embed-Framework */,
				2F56306720E9E3940082B0ED /* Network-Helper */,
				2F56306020E9E3870082B0ED /* Error-Helper */,
				2F56304920E9E3780082B0ED /* DOTExtension.h */,
				2F56304A20E9E3780082B0ED /* Info.plist */,
			);
			path = DOTExtension;
			sourceTree = "<group>";
		};
		2F56305320E9E3780082B0ED /* DOTExtensionTests */ = {
			isa = PBXGroup;
			children = (
				2F56305420E9E3780082B0ED /* DOTExtensionTests.swift */,
				2F56305620E9E3780082B0ED /* Info.plist */,
			);
			path = DOTExtensionTests;
			sourceTree = "<group>";
		};
		2F56306020E9E3870082B0ED /* Error-Helper */ = {
			isa = PBXGroup;
			children = (
				2F56306120E9E3870082B0ED /* DOTErrorCodes.swift */,
				2F56306220E9E3870082B0ED /* DOTHttpStatusCodes.swift */,
				2F56306320E9E3870082B0ED /* DOTError.swift */,
			);
			path = "Error-Helper";
			sourceTree = "<group>";
		};
		2F56306720E9E3940082B0ED /* Network-Helper */ = {
			isa = PBXGroup;
			children = (
				2F56306820E9E3940082B0ED /* DOTImage.swift */,
				2F56306920E9E3940082B0ED /* DOTFire.swift */,
			);
			path = "Network-Helper";
			sourceTree = "<group>";
		};
		2F56306C20E9E3980082B0ED /* Embed-Framework */ = {
			isa = PBXGroup;
			children = (
				2F56306F20E9E7B30082B0ED /* SDWebImage.framework */,
				2F56306D20E9E3AF0082B0ED /* Alamofire.framework */,
			);
			path = "Embed-Framework";
			sourceTree = "<group>";
		};
/* End PBXGroup section */

/* Begin PBXHeadersBuildPhase section */
		2F56304320E9E3780082B0ED /* Headers */ = {
			isa = PBXHeadersBuildPhase;
			buildActionMask = 2147483647;
			files = (
				2F56305720E9E3780082B0ED /* DOTExtension.h in Headers */,
			);
			runOnlyForDeploymentPostprocessing = 0;
		};
/* End PBXHeadersBuildPhase section */

/* Begin PBXNativeTarget section */
		2F56304520E9E3780082B0ED /* DOTExtension */ = {
			isa = PBXNativeTarget;
			buildConfigurationList = 2F56305A20E9E3780082B0ED /* Build configuration list for PBXNativeTarget "DOTExtension" */;
			buildPhases = (
				2F56304120E9E3780082B0ED /* Sources */,
				2F56304220E9E3780082B0ED /* Frameworks */,
				2F56304320E9E3780082B0ED /* Headers */,
				2F56304420E9E3780082B0ED /* Resources */,
			);
			buildRules = (
			);
			dependencies = (
			);
			name = DOTExtension;
			productName = DOTExtension;
			productReference = 2F56304620E9E3780082B0ED /* DOTExtension.framework */;
			productType = "com.apple.product-type.framework";
		};
		2F56304E20E9E3780082B0ED /* DOTExtensionTests */ = {
			isa = PBXNativeTarget;
			buildConfigurationList = 2F56305D20E9E3780082B0ED /* Build configuration list for PBXNativeTarget "DOTExtensionTests" */;
			buildPhases = (
				2F56304B20E9E3780082B0ED /* Sources */,
				2F56304C20E9E3780082B0ED /* Frameworks */,
				2F56304D20E9E3780082B0ED /* Resources */,
			);
			buildRules = (
			);
			dependencies = (
				2F56305220E9E3780082B0ED /* PBXTargetDependency */,
			);
			name = DOTExtensionTests;
			productName = DOTExtensionTests;
			productReference = 2F56304F20E9E3780082B0ED /* DOTExtensionTests.xctest */;
			productType = "com.apple.product-type.bundle.unit-test";
		};
/* End PBXNativeTarget section */

/* Begin PBXProject section */
		2F56303D20E9E3780082B0ED /* Project object */ = {
			isa = PBXProject;
			attributes = {
				LastSwiftUpdateCheck = 0940;
				LastUpgradeCheck = 0940;
				ORGANIZATIONNAME = "Agus Cahyono";
				TargetAttributes = {
					2F53B52720EB53BD00C136AB = {
						CreatedOnToolsVersion = 9.4.1;
					};
					2F56304520E9E3780082B0ED = {
						CreatedOnToolsVersion = 9.4.1;
					};
					2F56304E20E9E3780082B0ED = {
						CreatedOnToolsVersion = 9.4.1;
					};
				};
			};
			buildConfigurationList = 2F56304020E9E3780082B0ED /* Build configuration list for PBXProject "DOTExtension" */;
			compatibilityVersion = "Xcode 9.3";
			developmentRegion = en;
			hasScannedForEncodings = 0;
			knownRegions = (
				en,
			);
			mainGroup = 2F56303C20E9E3780082B0ED;
			productRefGroup = 2F56304720E9E3780082B0ED /* Products */;
			projectDirPath = "";
			projectRoot = "";
			targets = (
				2F56304520E9E3780082B0ED /* DOTExtension */,
				2F56304E20E9E3780082B0ED /* DOTExtensionTests */,
				2F53B52720EB53BD00C136AB /* DOTFox */,
			);
		};
/* End PBXProject section */

/* Begin PBXResourcesBuildPhase section */
		2F56304420E9E3780082B0ED /* Resources */ = {
			isa = PBXResourcesBuildPhase;
			buildActionMask = 2147483647;
			files = (
			);
			runOnlyForDeploymentPostprocessing = 0;
		};
		2F56304D20E9E3780082B0ED /* Resources */ = {
			isa = PBXResourcesBuildPhase;
			buildActionMask = 2147483647;
			files = (
			);
			runOnlyForDeploymentPostprocessing = 0;
		};
/* End PBXResourcesBuildPhase section */

/* Begin PBXShellScriptBuildPhase section */
		2F53B52B20EB53C500C136AB /* ShellScript */ = {
			isa = PBXShellScriptBuildPhase;
			buildActionMask = 2147483647;
			files = (
			);
			inputPaths = (
			);
			outputPaths = (
			);
			runOnlyForDeploymentPostprocessing = 0;
			shellPath = /bin/sh;
			shellScript = "#!/bin/sh\n\nUNIVERSAL_OUTPUTFOLDER=${BUILD_DIR}/${CONFIGURATION}-universal\n\n# make sure the output directory exists\nmkdir -p \"${UNIVERSAL_OUTPUTFOLDER}\"\n\n# Step 1. Build Device and Simulator versions\nxcodebuild -target \"DOTExtension\" ONLY_ACTIVE_ARCH=NO -configuration ${CONFIGURATION} -sdk iphoneos  BUILD_DIR=\"${BUILD_DIR}\" BUILD_ROOT=\"${BUILD_ROOT}\" clean build\nxcodebuild -target \"DOTExtension\" -configuration ${CONFIGURATION} -sdk iphonesimulator ONLY_ACTIVE_ARCH=NO BUILD_DIR=\"${BUILD_DIR}\" BUILD_ROOT=\"${BUILD_ROOT}\" clean build\n\n# Step 2. Copy the framework structure (from iphoneos build) to the universal folder\ncp -R \"${BUILD_DIR}/${CONFIGURATION}-iphoneos/DOTExtension.framework\" \"${UNIVERSAL_OUTPUTFOLDER}/\"\n\n# Step 3. Copy Swift modules from iphonesimulator build (if it exists) to the copied framework directory\nSIMULATOR_SWIFT_MODULES_DIR=\"${BUILD_DIR}/${CONFIGURATION}-iphonesimulator/DOTExtension.framework/Modules/DOTExtension.swiftmodule/.\"\nif [ -d \"${SIMULATOR_SWIFT_MODULES_DIR}\" ]; then\ncp -R \"${SIMULATOR_SWIFT_MODULES_DIR}\" \"${UNIVERSAL_OUTPUTFOLDER}/DOTExtension.framework/Modules/DOTExtension.swiftmodule\"\nfi\n\n# Step 4. Create universal binary file using lipo and place the combined executable in the copied framework directory\nlipo -create -output \"${UNIVERSAL_OUTPUTFOLDER}/DOTExtension.framework/DOTExtension\" \"${BUILD_DIR}/${CONFIGURATION}-iphonesimulator/DOTExtension.framework/DOTExtension\" \"${BUILD_DIR}/${CONFIGURATION}-iphoneos/DOTExtension.framework/DOTFox\"\n\n# Step 5. Convenience step to copy the framework to the project's directory\ncp -R \"${UNIVERSAL_OUTPUTFOLDER}/DOTExtension.framework\" \"${PROJECT_DIR}\"\n\n# Step 6. Convenience step to open the project's directory in Finder\nopen \"${PROJECT_DIR}\"";
		};
/* End PBXShellScriptBuildPhase section */

/* Begin PBXSourcesBuildPhase section */
		2F56304120E9E3780082B0ED /* Sources */ = {
			isa = PBXSourcesBuildPhase;
			buildActionMask = 2147483647;
			files = (
				2F56306520E9E3870082B0ED /* DOTHttpStatusCodes.swift in Sources */,
				2F56306B20E9E3940082B0ED /* DOTFire.swift in Sources */,
				2F56306620E9E3870082B0ED /* DOTError.swift in Sources */,
				2F56306420E9E3870082B0ED /* DOTErrorCodes.swift in Sources */,
				2F56306A20E9E3940082B0ED /* DOTImage.swift in Sources */,
			);
			runOnlyForDeploymentPostprocessing = 0;
		};
		2F56304B20E9E3780082B0ED /* Sources */ = {
			isa = PBXSourcesBuildPhase;
			buildActionMask = 2147483647;
			files = (
				2F56305520E9E3780082B0ED /* DOTExtensionTests.swift in Sources */,
			);
			runOnlyForDeploymentPostprocessing = 0;
		};
/* End PBXSourcesBuildPhase section */

/* Begin PBXTargetDependency section */
		2F56305220E9E3780082B0ED /* PBXTargetDependency */ = {
			isa = PBXTargetDependency;
			target = 2F56304520E9E3780082B0ED /* DOTExtension */;
			targetProxy = 2F56305120E9E3780082B0ED /* PBXContainerItemProxy */;
		};
/* End PBXTargetDependency section */

/* Begin XCBuildConfiguration section */
		2F53B52820EB53BD00C136AB /* Debug */ = {
			isa = XCBuildConfiguration;
			buildSettings = {
				CODE_SIGN_STYLE = Automatic;
				DEVELOPMENT_TEAM = EV8YPLTGX4;
				PRODUCT_NAME = "$(TARGET_NAME)";
			};
			name = Debug;
		};
		2F53B52920EB53BD00C136AB /* Release */ = {
			isa = XCBuildConfiguration;
			buildSettings = {
				CODE_SIGN_STYLE = Automatic;
				DEVELOPMENT_TEAM = EV8YPLTGX4;
				PRODUCT_NAME = "$(TARGET_NAME)";
			};
			name = Release;
		};
		2F56305820E9E3780082B0ED /* Debug */ = {
			isa = XCBuildConfiguration;
			buildSettings = {
				ALWAYS_SEARCH_USER_PATHS = NO;
				CLANG_ANALYZER_NONNULL = YES;
				CLANG_ANALYZER_NUMBER_OBJECT_CONVERSION = YES_AGGRESSIVE;
				CLANG_CXX_LANGUAGE_STANDARD = "gnu++14";
				CLANG_CXX_LIBRARY = "libc++";
				CLANG_ENABLE_MODULES = YES;
				CLANG_ENABLE_OBJC_ARC = YES;
				CLANG_ENABLE_OBJC_WEAK = YES;
				CLANG_WARN_BLOCK_CAPTURE_AUTORELEASING = YES;
				CLANG_WARN_BOOL_CONVERSION = YES;
				CLANG_WARN_COMMA = YES;
				CLANG_WARN_CONSTANT_CONVERSION = YES;
				CLANG_WARN_DEPRECATED_OBJC_IMPLEMENTATIONS = YES;
				CLANG_WARN_DIRECT_OBJC_ISA_USAGE = YES_ERROR;
				CLANG_WARN_DOCUMENTATION_COMMENTS = YES;
				CLANG_WARN_EMPTY_BODY = YES;
				CLANG_WARN_ENUM_CONVERSION = YES;
				CLANG_WARN_INFINITE_RECURSION = YES;
				CLANG_WARN_INT_CONVERSION = YES;
				CLANG_WARN_NON_LITERAL_NULL_CONVERSION = YES;
				CLANG_WARN_OBJC_IMPLICIT_RETAIN_SELF = YES;
				CLANG_WARN_OBJC_LITERAL_CONVERSION = YES;
				CLANG_WARN_OBJC_ROOT_CLASS = YES_ERROR;
				CLANG_WARN_RANGE_LOOP_ANALYSIS = YES;
				CLANG_WARN_STRICT_PROTOTYPES = YES;
				CLANG_WARN_SUSPICIOUS_MOVE = YES;
				CLANG_WARN_UNGUARDED_AVAILABILITY = YES_AGGRESSIVE;
				CLANG_WARN_UNREACHABLE_CODE = YES;
				CLANG_WARN__DUPLICATE_METHOD_MATCH = YES;
				CODE_SIGN_IDENTITY = "iPhone Developer";
				COPY_PHASE_STRIP = NO;
				CURRENT_PROJECT_VERSION = 1;
				DEBUG_INFORMATION_FORMAT = dwarf;
				ENABLE_STRICT_OBJC_MSGSEND = YES;
				ENABLE_TESTABILITY = YES;
				GCC_C_LANGUAGE_STANDARD = gnu11;
				GCC_DYNAMIC_NO_PIC = NO;
				GCC_NO_COMMON_BLOCKS = YES;
				GCC_OPTIMIZATION_LEVEL = 0;
				GCC_PREPROCESSOR_DEFINITIONS = (
					"DEBUG=1",
					"$(inherited)",
				);
				GCC_WARN_64_TO_32_BIT_CONVERSION = YES;
				GCC_WARN_ABOUT_RETURN_TYPE = YES_ERROR;
				GCC_WARN_UNDECLARED_SELECTOR = YES;
				GCC_WARN_UNINITIALIZED_AUTOS = YES_AGGRESSIVE;
				GCC_WARN_UNUSED_FUNCTION = YES;
				GCC_WARN_UNUSED_VARIABLE = YES;
				IPHONEOS_DEPLOYMENT_TARGET = 11.4;
				MTL_ENABLE_DEBUG_INFO = YES;
				ONLY_ACTIVE_ARCH = YES;
				SDKROOT = iphoneos;
				SWIFT_ACTIVE_COMPILATION_CONDITIONS = DEBUG;
				SWIFT_OPTIMIZATION_LEVEL = "-Onone";
				VERSIONING_SYSTEM = "apple-generic";
				VERSION_INFO_PREFIX = "";
			};
			name = Debug;
		};
		2F56305920E9E3780082B0ED /* Release */ = {
			isa = XCBuildConfiguration;
			buildSettings = {
				ALWAYS_SEARCH_USER_PATHS = NO;
				CLANG_ANALYZER_NONNULL = YES;
				CLANG_ANALYZER_NUMBER_OBJECT_CONVERSION = YES_AGGRESSIVE;
				CLANG_CXX_LANGUAGE_STANDARD = "gnu++14";
				CLANG_CXX_LIBRARY = "libc++";
				CLANG_ENABLE_MODULES = YES;
				CLANG_ENABLE_OBJC_ARC = YES;
				CLANG_ENABLE_OBJC_WEAK = YES;
				CLANG_WARN_BLOCK_CAPTURE_AUTORELEASING = YES;
				CLANG_WARN_BOOL_CONVERSION = YES;
				CLANG_WARN_COMMA = YES;
				CLANG_WARN_CONSTANT_CONVERSION = YES;
				CLANG_WARN_DEPRECATED_OBJC_IMPLEMENTATIONS = YES;
				CLANG_WARN_DIRECT_OBJC_ISA_USAGE = YES_ERROR;
				CLANG_WARN_DOCUMENTATION_COMMENTS = YES;
				CLANG_WARN_EMPTY_BODY = YES;
				CLANG_WARN_ENUM_CONVERSION = YES;
				CLANG_WARN_INFINITE_RECURSION = YES;
				CLANG_WARN_INT_CONVERSION = YES;
				CLANG_WARN_NON_LITERAL_NULL_CONVERSION = YES;
				CLANG_WARN_OBJC_IMPLICIT_RETAIN_SELF = YES;
				CLANG_WARN_OBJC_LITERAL_CONVERSION = YES;
				CLANG_WARN_OBJC_ROOT_CLASS = YES_ERROR;
				CLANG_WARN_RANGE_LOOP_ANALYSIS = YES;
				CLANG_WARN_STRICT_PROTOTYPES = YES;
				CLANG_WARN_SUSPICIOUS_MOVE = YES;
				CLANG_WARN_UNGUARDED_AVAILABILITY = YES_AGGRESSIVE;
				CLANG_WARN_UNREACHABLE_CODE = YES;
				CLANG_WARN__DUPLICATE_METHOD_MATCH = YES;
				CODE_SIGN_IDENTITY = "iPhone Developer";
				COPY_PHASE_STRIP = NO;
				CURRENT_PROJECT_VERSION = 1;
				DEBUG_INFORMATION_FORMAT = "dwarf-with-dsym";
				ENABLE_NS_ASSERTIONS = NO;
				ENABLE_STRICT_OBJC_MSGSEND = YES;
				GCC_C_LANGUAGE_STANDARD = gnu11;
				GCC_NO_COMMON_BLOCKS = YES;
				GCC_WARN_64_TO_32_BIT_CONVERSION = YES;
				GCC_WARN_ABOUT_RETURN_TYPE = YES_ERROR;
				GCC_WARN_UNDECLARED_SELECTOR = YES;
				GCC_WARN_UNINITIALIZED_AUTOS = YES_AGGRESSIVE;
				GCC_WARN_UNUSED_FUNCTION = YES;
				GCC_WARN_UNUSED_VARIABLE = YES;
				IPHONEOS_DEPLOYMENT_TARGET = 11.4;
				MTL_ENABLE_DEBUG_INFO = NO;
				SDKROOT = iphoneos;
				SWIFT_COMPILATION_MODE = wholemodule;
				SWIFT_OPTIMIZATION_LEVEL = "-O";
				VALIDATE_PRODUCT = YES;
				VERSIONING_SYSTEM = "apple-generic";
				VERSION_INFO_PREFIX = "";
			};
			name = Release;
		};
		2F56305B20E9E3780082B0ED /* Debug */ = {
			isa = XCBuildConfiguration;
			buildSettings = {
				CODE_SIGN_IDENTITY = "";
				CODE_SIGN_STYLE = Automatic;
				DEFINES_MODULE = YES;
				DEVELOPMENT_TEAM = EV8YPLTGX4;
				DYLIB_COMPATIBILITY_VERSION = 1;
				DYLIB_CURRENT_VERSION = 1;
				DYLIB_INSTALL_NAME_BASE = "@rpath";
				FRAMEWORK_SEARCH_PATHS = (
					"$(inherited)",
					"$(PROJECT_DIR)/DOTExtension/Embed-Framework",
				);
				INFOPLIST_FILE = DOTExtension/Info.plist;
				INSTALL_PATH = "$(LOCAL_LIBRARY_DIR)/Frameworks";
				LD_RUNPATH_SEARCH_PATHS = (
					"$(inherited)",
					"@executable_path/Frameworks",
					"@loader_path/Frameworks",
				);
				PRODUCT_BUNDLE_IDENTIFIER = com.agus.DOTExtension;
				PRODUCT_NAME = "$(TARGET_NAME:c99extidentifier)";
				SKIP_INSTALL = YES;
				SWIFT_VERSION = 4.0;
				TARGETED_DEVICE_FAMILY = "1,2";
			};
			name = Debug;
		};
		2F56305C20E9E3780082B0ED /* Release */ = {
			isa = XCBuildConfiguration;
			buildSettings = {
				CODE_SIGN_IDENTITY = "";
				CODE_SIGN_STYLE = Automatic;
				DEFINES_MODULE = YES;
				DEVELOPMENT_TEAM = EV8YPLTGX4;
				DYLIB_COMPATIBILITY_VERSION = 1;
				DYLIB_CURRENT_VERSION = 1;
				DYLIB_INSTALL_NAME_BASE = "@rpath";
				FRAMEWORK_SEARCH_PATHS = (
					"$(inherited)",
					"$(PROJECT_DIR)/DOTExtension/Embed-Framework",
				);
				INFOPLIST_FILE = DOTExtension/Info.plist;
				INSTALL_PATH = "$(LOCAL_LIBRARY_DIR)/Frameworks";
				LD_RUNPATH_SEARCH_PATHS = (
					"$(inherited)",
					"@executable_path/Frameworks",
					"@loader_path/Frameworks",
				);
				PRODUCT_BUNDLE_IDENTIFIER = com.agus.DOTExtension;
				PRODUCT_NAME = "$(TARGET_NAME:c99extidentifier)";
				SKIP_INSTALL = YES;
				SWIFT_VERSION = 4.0;
				TARGETED_DEVICE_FAMILY = "1,2";
			};
			name = Release;
		};
		2F56305E20E9E3780082B0ED /* Debug */ = {
			isa = XCBuildConfiguration;
			buildSettings = {
				ALWAYS_EMBED_SWIFT_STANDARD_LIBRARIES = YES;
				CODE_SIGN_STYLE = Automatic;
				DEVELOPMENT_TEAM = EV8YPLTGX4;
				INFOPLIST_FILE = DOTExtensionTests/Info.plist;
				LD_RUNPATH_SEARCH_PATHS = (
					"$(inherited)",
					"@executable_path/Frameworks",
					"@loader_path/Frameworks",
				);
				PRODUCT_BUNDLE_IDENTIFIER = com.agus.DOTExtensionTests;
				PRODUCT_NAME = "$(TARGET_NAME)";
				SWIFT_VERSION = 4.0;
				TARGETED_DEVICE_FAMILY = "1,2";
			};
			name = Debug;
		};
		2F56305F20E9E3780082B0ED /* Release */ = {
			isa = XCBuildConfiguration;
			buildSettings = {
				ALWAYS_EMBED_SWIFT_STANDARD_LIBRARIES = YES;
				CODE_SIGN_STYLE = Automatic;
				DEVELOPMENT_TEAM = EV8YPLTGX4;
				INFOPLIST_FILE = DOTExtensionTests/Info.plist;
				LD_RUNPATH_SEARCH_PATHS = (
					"$(inherited)",
					"@executable_path/Frameworks",
					"@loader_path/Frameworks",
				);
				PRODUCT_BUNDLE_IDENTIFIER = com.agus.DOTExtensionTests;
				PRODUCT_NAME = "$(TARGET_NAME)";
				SWIFT_VERSION = 4.0;
				TARGETED_DEVICE_FAMILY = "1,2";
			};
			name = Release;
		};
/* End XCBuildConfiguration section */

/* Begin XCConfigurationList section */
		2F53B52A20EB53BD00C136AB /* Build configuration list for PBXAggregateTarget "DOTFox" */ = {
			isa = XCConfigurationList;
			buildConfigurations = (
				2F53B52820EB53BD00C136AB /* Debug */,
				2F53B52920EB53BD00C136AB /* Release */,
			);
			defaultConfigurationIsVisible = 0;
			defaultConfigurationName = Release;
		};
		2F56304020E9E3780082B0ED /* Build configuration list for PBXProject "DOTExtension" */ = {
			isa = XCConfigurationList;
			buildConfigurations = (
				2F56305820E9E3780082B0ED /* Debug */,
				2F56305920E9E3780082B0ED /* Release */,
			);
			defaultConfigurationIsVisible = 0;
			defaultConfigurationName = Release;
		};
		2F56305A20E9E3780082B0ED /* Build configuration list for PBXNativeTarget "DOTExtension" */ = {
			isa = XCConfigurationList;
			buildConfigurations = (
				2F56305B20E9E3780082B0ED /* Debug */,
				2F56305C20E9E3780082B0ED /* Release */,
			);
			defaultConfigurationIsVisible = 0;
			defaultConfigurationName = Release;
		};
		2F56305D20E9E3780082B0ED /* Build configuration list for PBXNativeTarget "DOTExtensionTests" */ = {
			isa = XCConfigurationList;
			buildConfigurations = (
				2F56305E20E9E3780082B0ED /* Debug */,
				2F56305F20E9E3780082B0ED /* Release */,
			);
			defaultConfigurationIsVisible = 0;
			defaultConfigurationName = Release;
		};
/* End XCConfigurationList section */
	};
	rootObject = 2F56303D20E9E3780082B0ED /* Project object */;
}
